
Microsoft Visual Studio Solution File, Format Version 12.00
# Visual Studio Version 17
VisualStudioVersion = 17.14.36202.13 d17.14
MinimumVisualStudioVersion = 10.0.40219.1
Project("{FAE04EC0-301F-11D3-BF4B-00C04F79EFBC}") = "SMMS.Repositories.NghiaHT", "SMMS.Repositories.NghiaHT\SMMS.Repositories.NghiaHT.csproj", "{31AF094A-CAAC-D257-11CF-00531385C02E}"
EndProject
Project("{FAE04EC0-301F-11D3-BF4B-00C04F79EFBC}") = "SMMS.Services.NghiaHT", "SMMS.Services.NghiaHT\SMMS.Services.NghiaHT.csproj", "{4DECED96-2EC6-933F-03A2-28CD3029E9E2}"
EndProject
Project("{FAE04EC0-301F-11D3-BF4B-00C04F79EFBC}") = "SMMS.GrpcService.NghiaHT", "SMMS.GrpcService.NghiaHT\SMMS.GrpcService.NghiaHT.csproj", "{2CFD7D5F-42B9-424D-904C-92AEC90310E2}"
EndProject
Global
	GlobalSection(SolutionConfigurationPlatforms) = preSolution
		Debug|Any CPU = Debug|Any CPU
		Release|Any CPU = Release|Any CPU
	EndGlobalSection
	GlobalSection(ProjectConfigurationPlatforms) = postSolution
		{31AF094A-CAAC-D257-11CF-00531385C02E}.Debug|Any CPU.ActiveCfg = Debug|Any CPU
		{31AF094A-CAAC-D257-11CF-00531385C02E}.Debug|Any CPU.Build.0 = Debug|Any CPU
		{31AF094A-CAAC-D257-11CF-00531385C02E}.Release|Any CPU.ActiveCfg = Release|Any CPU
		{31AF094A-CAAC-D257-11CF-00531385C02E}.Release|Any CPU.Build.0 = Release|Any CPU
		{4DECED96-2EC6-933F-03A2-28CD3029E9E2}.Debug|Any CPU.ActiveCfg = Debug|Any CPU
		{4DECED96-2EC6-933F-03A2-28CD3029E9E2}.Debug|Any CPU.Build.0 = Debug|Any CPU
		{4DECED96-2EC6-933F-03A2-28CD3029E9E2}.Release|Any CPU.ActiveCfg = Release|Any CPU
		{4DECED96-2EC6-933F-03A2-28CD3029E9E2}.Release|Any CPU.Build.0 = Release|Any CPU
		{2CFD7D5F-42B9-424D-904C-92AEC90310E2}.Debug|Any CPU.ActiveCfg = Debug|Any CPU
		{2CFD7D5F-42B9-424D-904C-92AEC90310E2}.Debug|Any CPU.Build.0 = Debug|Any CPU
		{2CFD7D5F-42B9-424D-904C-92AEC90310E2}.Release|Any CPU.ActiveCfg = Release|Any CPU
		{2CFD7D5F-42B9-424D-904C-92AEC90310E2}.Release|Any CPU.Build.0 = Release|Any CPU
	EndGlobalSection
	GlobalSection(SolutionProperties) = preSolution
		HideSolutionNode = FALSE
	EndGlobalSection
	GlobalSection(ExtensibilityGlobals) = postSolution
		SolutionGuid = {DE37583A-C8AC-49DE-A663-8E693AE7655C}
	EndGlobalSection
EndGlobal
